
Microsoft Visual Studio Solution File, Format Version 12.00
# Visual Studio Version 16
VisualStudioVersion = 16.0.32602.291
MinimumVisualStudioVersion = 10.0.40219.1
Project("{888888A0-9F3D-457C-B088-3A5042F75D52}") = "lbp", "lbp.pyproj", "{1E3BEDD5-5F43-4C57-BBA5-0BEBEA654F86}"
EndProject
Global
	GlobalSection(SolutionConfigurationPlatforms) = preSolution
		Debug|Any CPU = Debug|Any CPU
		Release|Any CPU = Release|Any CPU
	EndGlobalSection
	GlobalSection(ProjectConfigurationPlatforms) = postSolution
		{1E3BEDD5-5F43-4C57-BBA5-0BEBEA654F86}.Debug|Any CPU.ActiveCfg = Debug|Any CPU
		{1E3BEDD5-5F43-4C57-BBA5-0BEBEA654F86}.Release|Any CPU.ActiveCfg = Release|Any CPU
	EndGlobalSection
	GlobalSection(SolutionProperties) = preSolution
		HideSolutionNode = FALSE
	EndGlobalSection
	GlobalSection(ExtensibilityGlobals) = postSolution
		SolutionGuid = {66DA7FA1-54F4-4954-8BCB-DF97570E9144}
	EndGlobalSection
EndGlobal
